{
  "name": "1es-2023",
  "version": "1.0.0",
  "lockfileVersion": 2,
  "requires": true,
  "packages": {
    "": {
      "name": "1es-2023",
      "version": "1.0.0",
      "license": "ISC",
      "devDependencies": {
        "typescript": "^5.0.0-dev.20230213"
      }
    },
    "node_modules/typescript": {
      "version": "5.0.0-dev.20230213",
      "resolved": "https://registry.npmjs.org/typescript/-/typescript-5.0.0-dev.20230213.tgz",
      "integrity": "sha512-6winpoAguZ2b0juVOseKRELa6eIx8st5j42fHikEhzBb2NcuG7tSGMAjIo748WNXVija2L8T5D7vyaDGYftaDQ==",
      "dev": true,
      "bin": {
        "tsc": "bin/tsc",
        "tsserver": "bin/tsserver"
      },
      "engines": {
        "node": ">=4.2.0"
      }
    }
  },
  "dependencies": {
    "typescript": {
      "version": "5.0.0-dev.20230213",
      "resolved": "https://registry.npmjs.org/typescript/-/typescript-5.0.0-dev.20230213.tgz",
      "integrity": "sha512-6winpoAguZ2b0juVOseKRELa6eIx8st5j42fHikEhzBb2NcuG7tSGMAjIo748WNXVija2L8T5D7vyaDGYftaDQ==",
      "dev": true
    }
  }
}
